Microsoft Visual Studio Solution File, Format Version 12.00
# Visual Studio Version 17
VisualStudioVersion = 17.5.2.0
MinimumVisualStudioVersion = 10.0.40219.1
Project("{FAE04EC0-301F-11D3-BF4B-00C04F79EFBC}") = "AspectLib", "AspectLib\AspectLib.csproj", "{2638ACBA-0AB6-41D5-8141-8C5C04F4CA07}"
EndProject
Project("{FAE04EC0-301F-11D3-BF4B-00C04F79EFBC}") = "AspectLib.UnitTest", "AspectLib.UnitTest\AspectLib.UnitTest.csproj", "{B78D682F-7B17-45C0-8B21-254D3C18DE5E}"
EndProject
Project("{FAE04EC0-301F-11D3-BF4B-00C04F79EFBC}") = "AspectLib.Weaving.UnitTest", "AspectLib.Weaving.UnitTest\AspectLib.Weaving.UnitTest.csproj", "{D6122B9E-B9DF-413F-A4EE-40904FDB2C8E}"
EndProject
Project("{FAE04EC0-301F-11D3-BF4B-00C04F79EFBC}") = "AspectLib.TestHarness", "AspectLib.TestHarness\AspectLib.TestHarness.csproj", "{A889B990-ADC7-4810-A87A-92949D92A17F}"
EndProject
Global
	GlobalSection(SolutionConfigurationPlatforms) = preSolution
		Debug|Any CPU = Debug|Any CPU
		Release|Any CPU = Release|Any CPU
	EndGlobalSection
	GlobalSection(SolutionProperties) = preSolution
		HideSolutionNode = FALSE
	EndGlobalSection
	GlobalSection(ExtensibilityGlobals) = postSolution
		SolutionGuid = {DC82247A-F638-41AB-BB26-74A6D63D7E3E}
	EndGlobalSection
	GlobalSection(ProjectConfigurationPlatforms) = postSolution
		{2638ACBA-0AB6-41D5-8141-8C5C04F4CA07}.Debug|Any CPU.ActiveCfg = Debug|Any CPU
		{2638ACBA-0AB6-41D5-8141-8C5C04F4CA07}.Debug|Any CPU.Build.0 = Debug|Any CPU
		{2638ACBA-0AB6-41D5-8141-8C5C04F4CA07}.Release|Any CPU.ActiveCfg = Release|Any CPU
		{2638ACBA-0AB6-41D5-8141-8C5C04F4CA07}.Release|Any CPU.Build.0 = Release|Any CPU
		{B78D682F-7B17-45C0-8B21-254D3C18DE5E}.Debug|Any CPU.ActiveCfg = Debug|Any CPU
		{B78D682F-7B17-45C0-8B21-254D3C18DE5E}.Debug|Any CPU.Build.0 = Debug|Any CPU
		{B78D682F-7B17-45C0-8B21-254D3C18DE5E}.Release|Any CPU.ActiveCfg = Release|Any CPU
		{B78D682F-7B17-45C0-8B21-254D3C18DE5E}.Release|Any CPU.Build.0 = Release|Any CPU
		{D6122B9E-B9DF-413F-A4EE-40904FDB2C8E}.Debug|Any CPU.ActiveCfg = Debug|Any CPU
		{D6122B9E-B9DF-413F-A4EE-40904FDB2C8E}.Debug|Any CPU.Build.0 = Debug|Any CPU
		{D6122B9E-B9DF-413F-A4EE-40904FDB2C8E}.Release|Any CPU.ActiveCfg = Release|Any CPU
		{D6122B9E-B9DF-413F-A4EE-40904FDB2C8E}.Release|Any CPU.Build.0 = Release|Any CPU
		{A889B990-ADC7-4810-A87A-92949D92A17F}.Debug|Any CPU.ActiveCfg = Debug|Any CPU
		{A889B990-ADC7-4810-A87A-92949D92A17F}.Debug|Any CPU.Build.0 = Debug|Any CPU
		{A889B990-ADC7-4810-A87A-92949D92A17F}.Release|Any CPU.ActiveCfg = Release|Any CPU
		{A889B990-ADC7-4810-A87A-92949D92A17F}.Release|Any CPU.Build.0 = Release|Any CPU
	EndGlobalSection
EndGlobal
